
Microsoft Visual Studio Solution File, Format Version 12.00
# Visual Studio Version 17
VisualStudioVersion = 17.5.33424.131
MinimumVisualStudioVersion = 10.0.40219.1
Project("{FAE04EC0-301F-11D3-BF4B-00C04F79EFBC}") = "Matrizes-Vetores Bidimensionais", "Matrizes-Vetores Bidimensionais\Matrizes-Vetores Bidimensionais.csproj", "{27A8749A-7498-4127-B636-0E4CE18C834B}"
EndProject
Global
	GlobalSection(SolutionConfigurationPlatforms) = preSolution
		Debug|Any CPU = Debug|Any CPU
		Release|Any CPU = Release|Any CPU
	EndGlobalSection
	GlobalSection(ProjectConfigurationPlatforms) = postSolution
		{27A8749A-7498-4127-B636-0E4CE18C834B}.Debug|Any CPU.ActiveCfg = Debug|Any CPU
		{27A8749A-7498-4127-B636-0E4CE18C834B}.Debug|Any CPU.Build.0 = Debug|Any CPU
		{27A8749A-7498-4127-B636-0E4CE18C834B}.Release|Any CPU.ActiveCfg = Release|Any CPU
		{27A8749A-7498-4127-B636-0E4CE18C834B}.Release|Any CPU.Build.0 = Release|Any CPU
	EndGlobalSection
	GlobalSection(SolutionProperties) = preSolution
		HideSolutionNode = FALSE
	EndGlobalSection
	GlobalSection(ExtensibilityGlobals) = postSolution
		SolutionGuid = {4AF382E2-0470-4DE0-8891-D8FD51706994}
	EndGlobalSection
EndGlobal
